{
  "name": "stylis-px2rem-plugin",
  "version": "0.1.0",
  "lockfileVersion": 2,
  "requires": true,
  "packages": {
    "": {
      "name": "stylis-px2rem-plugin",
      "version": "0.1.0",
      "dependencies": {
        "stylis": "^4.1.1"
      }
    },
    "node_modules/stylis": {
      "version": "4.1.1",
      "resolved": "https://registry.npmjs.org/stylis/-/stylis-4.1.1.tgz",
      "integrity": "sha512-lVrM/bNdhVX2OgBFNa2YJ9Lxj7kPzylieHd3TNjuGE0Re9JB7joL5VUKOVH1kdNNJTgGPpT8hmwIAPLaSyEVFQ=="
    }
  },
  "dependencies": {
    "stylis": {
      "version": "4.1.1",
      "resolved": "https://registry.npmjs.org/stylis/-/stylis-4.1.1.tgz",
      "integrity": "sha512-lVrM/bNdhVX2OgBFNa2YJ9Lxj7kPzylieHd3TNjuGE0Re9JB7joL5VUKOVH1kdNNJTgGPpT8hmwIAPLaSyEVFQ=="
    }
  }
}
